
Microsoft Visual Studio Solution File, Format Version 12.00
# Visual Studio Version 17
VisualStudioVersion = 17.8.34330.188
MinimumVisualStudioVersion = 10.0.40219.1
Project("{2150E333-8FDC-42A3-9474-1A3956D46DE8}") = "Tests", "Tests", "{92DA2C35-5BFC-43F3-AFC6-2212BB03A5A1}"
EndProject
Project("{9A19103F-16F7-4668-BE54-9A1E7A4F7556}") = "TheLongDarkItemMarker", "TheLongDarkItemMarker\TheLongDarkItemMarker.csproj", "{570D9AC1-E05A-4FDC-8B85-1E589ECB11BA}"
EndProject
Project("{9A19103F-16F7-4668-BE54-9A1E7A4F7556}") = "TheLongDarkItemMarker.Domain", "TheLongDarkItemMarker.Domain\TheLongDarkItemMarker.Domain.csproj", "{DE9A7DFD-7884-438E-A820-0AD3F2652FA6}"
EndProject
Project("{9A19103F-16F7-4668-BE54-9A1E7A4F7556}") = "TheLongDarkItemMarker.FileSaving", "TheLongDarkItemMarker.FileSaving\TheLongDarkItemMarker.FileSaving.csproj", "{12EE8012-65A4-4820-A7D1-3154C1AB9CD0}"
EndProject
Project("{9A19103F-16F7-4668-BE54-9A1E7A4F7556}") = "TheLongDarkItemMarker.Utility", "TheLongDarkItemMarker.Utility\TheLongDarkItemMarker.Utility.csproj", "{3698D913-EE9C-4C14-8911-D8F17B370FBC}"
EndProject
Project("{9A19103F-16F7-4668-BE54-9A1E7A4F7556}") = "TheLongDarkItemMarker.Settings", "TheLongDarkItemMarker.Settings\TheLongDarkItemMarker.Settings.csproj", "{7AC136FA-FC91-4E88-A651-07A704647BFC}"
EndProject
Project("{9A19103F-16F7-4668-BE54-9A1E7A4F7556}") = "TheLongDarkItemMarker.FileSaving.Tests", "Tests\TheLongDarkItemMarker.FileSaving.Tests\TheLongDarkItemMarker.FileSaving.Tests.csproj", "{1F36C376-AFE7-4052-A52F-7DB95F7C1902}"
EndProject
Project("{9A19103F-16F7-4668-BE54-9A1E7A4F7556}") = "TheLongDarkItemMarker.Tests", "Tests\TheLongDarkItemMarker.Tests\TheLongDarkItemMarker.Tests.csproj", "{7692F68D-D40F-4244-B57B-5FCE8916A477}"
EndProject
Project("{FAE04EC0-301F-11D3-BF4B-00C04F79EFBC}") = "TheLongDarkItemMarker.Tests.Common", "Tests\TheLongDarkItemMarker.Tests.Common\TheLongDarkItemMarker.Tests.Common.csproj", "{9B66739B-BB00-45C6-A1F8-8AB116599868}"
EndProject
Project("{FAE04EC0-301F-11D3-BF4B-00C04F79EFBC}") = "TheLongDarkItemMarker.Utility.Tests", "Tests\TheLongDarkItemMarker.Utility.Tests\TheLongDarkItemMarker.Utility.Tests.csproj", "{DD4D9349-C66D-4AA4-9E57-FF059638BA62}"
EndProject
Global
	GlobalSection(SolutionConfigurationPlatforms) = preSolution
		Debug|Any CPU = Debug|Any CPU
		Release|Any CPU = Release|Any CPU
	EndGlobalSection
	GlobalSection(ProjectConfigurationPlatforms) = postSolution
		{570D9AC1-E05A-4FDC-8B85-1E589ECB11BA}.Debug|Any CPU.ActiveCfg = Debug|Any CPU
		{570D9AC1-E05A-4FDC-8B85-1E589ECB11BA}.Debug|Any CPU.Build.0 = Debug|Any CPU
		{570D9AC1-E05A-4FDC-8B85-1E589ECB11BA}.Release|Any CPU.ActiveCfg = Release|Any CPU
		{570D9AC1-E05A-4FDC-8B85-1E589ECB11BA}.Release|Any CPU.Build.0 = Release|Any CPU
		{DE9A7DFD-7884-438E-A820-0AD3F2652FA6}.Debug|Any CPU.ActiveCfg = Debug|Any CPU
		{DE9A7DFD-7884-438E-A820-0AD3F2652FA6}.Debug|Any CPU.Build.0 = Debug|Any CPU
		{DE9A7DFD-7884-438E-A820-0AD3F2652FA6}.Release|Any CPU.ActiveCfg = Release|Any CPU
		{DE9A7DFD-7884-438E-A820-0AD3F2652FA6}.Release|Any CPU.Build.0 = Release|Any CPU
		{12EE8012-65A4-4820-A7D1-3154C1AB9CD0}.Debug|Any CPU.ActiveCfg = Debug|Any CPU
		{12EE8012-65A4-4820-A7D1-3154C1AB9CD0}.Debug|Any CPU.Build.0 = Debug|Any CPU
		{12EE8012-65A4-4820-A7D1-3154C1AB9CD0}.Release|Any CPU.ActiveCfg = Release|Any CPU
		{12EE8012-65A4-4820-A7D1-3154C1AB9CD0}.Release|Any CPU.Build.0 = Release|Any CPU
		{3698D913-EE9C-4C14-8911-D8F17B370FBC}.Debug|Any CPU.ActiveCfg = Debug|Any CPU
		{3698D913-EE9C-4C14-8911-D8F17B370FBC}.Debug|Any CPU.Build.0 = Debug|Any CPU
		{3698D913-EE9C-4C14-8911-D8F17B370FBC}.Release|Any CPU.ActiveCfg = Release|Any CPU
		{3698D913-EE9C-4C14-8911-D8F17B370FBC}.Release|Any CPU.Build.0 = Release|Any CPU
		{7AC136FA-FC91-4E88-A651-07A704647BFC}.Debug|Any CPU.ActiveCfg = Debug|Any CPU
		{7AC136FA-FC91-4E88-A651-07A704647BFC}.Debug|Any CPU.Build.0 = Debug|Any CPU
		{7AC136FA-FC91-4E88-A651-07A704647BFC}.Release|Any CPU.ActiveCfg = Release|Any CPU
		{7AC136FA-FC91-4E88-A651-07A704647BFC}.Release|Any CPU.Build.0 = Release|Any CPU
		{1F36C376-AFE7-4052-A52F-7DB95F7C1902}.Debug|Any CPU.ActiveCfg = Debug|Any CPU
		{1F36C376-AFE7-4052-A52F-7DB95F7C1902}.Debug|Any CPU.Build.0 = Debug|Any CPU
		{1F36C376-AFE7-4052-A52F-7DB95F7C1902}.Release|Any CPU.ActiveCfg = Release|Any CPU
		{1F36C376-AFE7-4052-A52F-7DB95F7C1902}.Release|Any CPU.Build.0 = Release|Any CPU
		{7692F68D-D40F-4244-B57B-5FCE8916A477}.Debug|Any CPU.ActiveCfg = Debug|Any CPU
		{7692F68D-D40F-4244-B57B-5FCE8916A477}.Debug|Any CPU.Build.0 = Debug|Any CPU
		{7692F68D-D40F-4244-B57B-5FCE8916A477}.Release|Any CPU.ActiveCfg = Release|Any CPU
		{7692F68D-D40F-4244-B57B-5FCE8916A477}.Release|Any CPU.Build.0 = Release|Any CPU
		{9B66739B-BB00-45C6-A1F8-8AB116599868}.Debug|Any CPU.ActiveCfg = Debug|Any CPU
		{9B66739B-BB00-45C6-A1F8-8AB116599868}.Debug|Any CPU.Build.0 = Debug|Any CPU
		{9B66739B-BB00-45C6-A1F8-8AB116599868}.Release|Any CPU.ActiveCfg = Release|Any CPU
		{9B66739B-BB00-45C6-A1F8-8AB116599868}.Release|Any CPU.Build.0 = Release|Any CPU
		{DD4D9349-C66D-4AA4-9E57-FF059638BA62}.Debug|Any CPU.ActiveCfg = Debug|Any CPU
		{DD4D9349-C66D-4AA4-9E57-FF059638BA62}.Debug|Any CPU.Build.0 = Debug|Any CPU
		{DD4D9349-C66D-4AA4-9E57-FF059638BA62}.Release|Any CPU.ActiveCfg = Release|Any CPU
		{DD4D9349-C66D-4AA4-9E57-FF059638BA62}.Release|Any CPU.Build.0 = Release|Any CPU
	EndGlobalSection
	GlobalSection(SolutionProperties) = preSolution
		HideSolutionNode = FALSE
	EndGlobalSection
	GlobalSection(NestedProjects) = preSolution
		{1F36C376-AFE7-4052-A52F-7DB95F7C1902} = {92DA2C35-5BFC-43F3-AFC6-2212BB03A5A1}
		{7692F68D-D40F-4244-B57B-5FCE8916A477} = {92DA2C35-5BFC-43F3-AFC6-2212BB03A5A1}
		{9B66739B-BB00-45C6-A1F8-8AB116599868} = {92DA2C35-5BFC-43F3-AFC6-2212BB03A5A1}
		{DD4D9349-C66D-4AA4-9E57-FF059638BA62} = {92DA2C35-5BFC-43F3-AFC6-2212BB03A5A1}
	EndGlobalSection
	GlobalSection(ExtensibilityGlobals) = postSolution
		SolutionGuid = {2483E9E7-8A1C-4A21-AD00-17879FC2FAE6}
	EndGlobalSection
EndGlobal
